
Microsoft Visual Studio Solution File, Format Version 12.00
# Visual Studio Version 17
VisualStudioVersion = 17.9.34728.123
MinimumVisualStudioVersion = 10.0.40219.1
Project("{9A19103F-16F7-4668-BE54-9A1E7A4F7556}") = "ControleTarefas.WebApi", "ControleTarefas.WebApi\ControleTarefas.WebApi.csproj", "{05BFB2C8-DC92-4E66-8FCA-5C8178FBDF88}"
EndProject
Project("{9A19103F-16F7-4668-BE54-9A1E7A4F7556}") = "ControleTarefas.Utils", "ControleTarefas.Utils\ControleTarefas.Utils.csproj", "{5B6841A5-16F6-460B-9C47-021BE78ED8FD}"
EndProject
Project("{9A19103F-16F7-4668-BE54-9A1E7A4F7556}") = "ControleTarefas.Entity", "ControleTarefas.Entity\ControleTarefas.Entity.csproj", "{B5E7ADC5-4CA9-47DC-B361-4BFFF939AE12}"
EndProject
Project("{9A19103F-16F7-4668-BE54-9A1E7A4F7556}") = "ControleTarefas.Repository", "ControleTarefas.Repository\ControleTarefas.Repository.csproj", "{6E9C9B8B-BCEE-459E-97D0-5CA577F5FB64}"
EndProject
Project("{9A19103F-16F7-4668-BE54-9A1E7A4F7556}") = "ControleTarefas.Repository.Interface", "ControleTarefas.Repository.Interface\ControleTarefas.Repository.Interface.csproj", "{104B6755-88DF-4980-9565-C74F067DC0FB}"
EndProject
Project("{9A19103F-16F7-4668-BE54-9A1E7A4F7556}") = "ControleTarefas.Service", "ControleTarefas.Service\ControleTarefas.Service.csproj", "{3A0C4114-2E83-4060-8E76-D39D7FE97538}"
EndProject
Project("{9A19103F-16F7-4668-BE54-9A1E7A4F7556}") = "ControleTarefas.Service.Interface", "ControleTarefas.Service.Interface\ControleTarefas.Service.Interface.csproj", "{7B2E2B1F-6EC8-4830-85A3-8954C6090461}"
EndProject
Project("{FAE04EC0-301F-11D3-BF4B-00C04F79EFBC}") = "ControleTarefas.Validator", "ControleTarefas.Validator\ControleTarefas.Validator.csproj", "{3CC842EF-0B91-46BB-977E-1126DD636428}"
EndProject
Project("{2150E333-8FDC-42A3-9474-1A3956D46DE8}") = "Solution Items", "Solution Items", "{5BFEFECC-D3EB-477E-952C-D4143F717ABB}"
	ProjectSection(SolutionItems) = preProject
		.editorconfig = .editorconfig
	EndProjectSection
EndProject
Global
	GlobalSection(SolutionConfigurationPlatforms) = preSolution
		Debug|Any CPU = Debug|Any CPU
		Release|Any CPU = Release|Any CPU
	EndGlobalSection
	GlobalSection(ProjectConfigurationPlatforms) = postSolution
		{05BFB2C8-DC92-4E66-8FCA-5C8178FBDF88}.Debug|Any CPU.ActiveCfg = Debug|Any CPU
		{05BFB2C8-DC92-4E66-8FCA-5C8178FBDF88}.Debug|Any CPU.Build.0 = Debug|Any CPU
		{05BFB2C8-DC92-4E66-8FCA-5C8178FBDF88}.Release|Any CPU.ActiveCfg = Release|Any CPU
		{05BFB2C8-DC92-4E66-8FCA-5C8178FBDF88}.Release|Any CPU.Build.0 = Release|Any CPU
		{5B6841A5-16F6-460B-9C47-021BE78ED8FD}.Debug|Any CPU.ActiveCfg = Debug|Any CPU
		{5B6841A5-16F6-460B-9C47-021BE78ED8FD}.Debug|Any CPU.Build.0 = Debug|Any CPU
		{5B6841A5-16F6-460B-9C47-021BE78ED8FD}.Release|Any CPU.ActiveCfg = Release|Any CPU
		{5B6841A5-16F6-460B-9C47-021BE78ED8FD}.Release|Any CPU.Build.0 = Release|Any CPU
		{B5E7ADC5-4CA9-47DC-B361-4BFFF939AE12}.Debug|Any CPU.ActiveCfg = Debug|Any CPU
		{B5E7ADC5-4CA9-47DC-B361-4BFFF939AE12}.Debug|Any CPU.Build.0 = Debug|Any CPU
		{B5E7ADC5-4CA9-47DC-B361-4BFFF939AE12}.Release|Any CPU.ActiveCfg = Release|Any CPU
		{B5E7ADC5-4CA9-47DC-B361-4BFFF939AE12}.Release|Any CPU.Build.0 = Release|Any CPU
		{6E9C9B8B-BCEE-459E-97D0-5CA577F5FB64}.Debug|Any CPU.ActiveCfg = Debug|Any CPU
		{6E9C9B8B-BCEE-459E-97D0-5CA577F5FB64}.Debug|Any CPU.Build.0 = Debug|Any CPU
		{6E9C9B8B-BCEE-459E-97D0-5CA577F5FB64}.Release|Any CPU.ActiveCfg = Release|Any CPU
		{6E9C9B8B-BCEE-459E-97D0-5CA577F5FB64}.Release|Any CPU.Build.0 = Release|Any CPU
		{104B6755-88DF-4980-9565-C74F067DC0FB}.Debug|Any CPU.ActiveCfg = Debug|Any CPU
		{104B6755-88DF-4980-9565-C74F067DC0FB}.Debug|Any CPU.Build.0 = Debug|Any CPU
		{104B6755-88DF-4980-9565-C74F067DC0FB}.Release|Any CPU.ActiveCfg = Release|Any CPU
		{104B6755-88DF-4980-9565-C74F067DC0FB}.Release|Any CPU.Build.0 = Release|Any CPU
		{3A0C4114-2E83-4060-8E76-D39D7FE97538}.Debug|Any CPU.ActiveCfg = Debug|Any CPU
		{3A0C4114-2E83-4060-8E76-D39D7FE97538}.Debug|Any CPU.Build.0 = Debug|Any CPU
		{3A0C4114-2E83-4060-8E76-D39D7FE97538}.Release|Any CPU.ActiveCfg = Release|Any CPU
		{3A0C4114-2E83-4060-8E76-D39D7FE97538}.Release|Any CPU.Build.0 = Release|Any CPU
		{7B2E2B1F-6EC8-4830-85A3-8954C6090461}.Debug|Any CPU.ActiveCfg = Debug|Any CPU
		{7B2E2B1F-6EC8-4830-85A3-8954C6090461}.Debug|Any CPU.Build.0 = Debug|Any CPU
		{7B2E2B1F-6EC8-4830-85A3-8954C6090461}.Release|Any CPU.ActiveCfg = Release|Any CPU
		{7B2E2B1F-6EC8-4830-85A3-8954C6090461}.Release|Any CPU.Build.0 = Release|Any CPU
		{3CC842EF-0B91-46BB-977E-1126DD636428}.Debug|Any CPU.ActiveCfg = Debug|Any CPU
		{3CC842EF-0B91-46BB-977E-1126DD636428}.Debug|Any CPU.Build.0 = Debug|Any CPU
		{3CC842EF-0B91-46BB-977E-1126DD636428}.Release|Any CPU.ActiveCfg = Release|Any CPU
		{3CC842EF-0B91-46BB-977E-1126DD636428}.Release|Any CPU.Build.0 = Release|Any CPU
	EndGlobalSection
	GlobalSection(SolutionProperties) = preSolution
		HideSolutionNode = FALSE
	EndGlobalSection
	GlobalSection(ExtensibilityGlobals) = postSolution
		SolutionGuid = {14EA6768-7AEC-4D88-9C33-1A54DD349BDA}
	EndGlobalSection
EndGlobal
